{
  "requires": true,
  "lockfileVersion": 1,
  "dependencies": {
    "tone": {
      "version": "13.8.31",
      "resolved": "https://registry.npmjs.org/tone/-/tone-13.8.31.tgz",
      "integrity": "sha512-S/qAyMLU+QQ8xMXQ6yTSvgpEqV4ox7jmbmuP9l9MVTRVR4VgoWFi1RY3QblEsiCheQCzsNYMchjSYYG6yHWLRw=="
    }
  }
}
